
Microsoft Visual Studio Solution File, Format Version 12.00
# Visual Studio Version 16
VisualStudioVersion = 16.0.30104.148
MinimumVisualStudioVersion = 10.0.40219.1
Project("{FAE04EC0-301F-11D3-BF4B-00C04F79EFBC}") = "Dsl", "Dsl\Dsl.csproj", "{F2C49C89-5D30-45F1-8124-A6B321022654}"
EndProject
Project("{FAE04EC0-301F-11D3-BF4B-00C04F79EFBC}") = "DslPackage", "DslPackage\DslPackage.csproj", "{887B277B-30CC-409A-B891-337209FE7645}"
EndProject
Global
	GlobalSection(SolutionConfigurationPlatforms) = preSolution
		Debug|Any CPU = Debug|Any CPU
		Release|Any CPU = Release|Any CPU
	EndGlobalSection
	GlobalSection(ProjectConfigurationPlatforms) = postSolution
		{F2C49C89-5D30-45F1-8124-A6B321022654}.Debug|Any CPU.ActiveCfg = Debug|Any CPU
		{F2C49C89-5D30-45F1-8124-A6B321022654}.Debug|Any CPU.Build.0 = Debug|Any CPU
		{F2C49C89-5D30-45F1-8124-A6B321022654}.Release|Any CPU.ActiveCfg = Release|Any CPU
		{F2C49C89-5D30-45F1-8124-A6B321022654}.Release|Any CPU.Build.0 = Release|Any CPU
		{887B277B-30CC-409A-B891-337209FE7645}.Debug|Any CPU.ActiveCfg = Debug|Any CPU
		{887B277B-30CC-409A-B891-337209FE7645}.Debug|Any CPU.Build.0 = Debug|Any CPU
		{887B277B-30CC-409A-B891-337209FE7645}.Release|Any CPU.ActiveCfg = Release|Any CPU
		{887B277B-30CC-409A-B891-337209FE7645}.Release|Any CPU.Build.0 = Release|Any CPU
	EndGlobalSection
	GlobalSection(SolutionProperties) = preSolution
		HideSolutionNode = FALSE
	EndGlobalSection
	GlobalSection(ExtensibilityGlobals) = postSolution
		SolutionGuid = {E96E2EE4-B193-448D-9DF3-841DD6807C61}
	EndGlobalSection
EndGlobal
